
Microsoft Visual Studio Solution File, Format Version 12.00
# Visual Studio Version 17
VisualStudioVersion = 17.7.33711.374
MinimumVisualStudioVersion = 10.0.40219.1
Project("{9A19103F-16F7-4668-BE54-9A1E7A4F7556}") = "PetProject.IdentityServer.Domain", "PetProject.IdentityServer.Domain\PetProject.IdentityServer.Domain.csproj", "{1CE9D909-B6DE-437B-BF40-907D7E9752C8}"
EndProject
Project("{9A19103F-16F7-4668-BE54-9A1E7A4F7556}") = "PetProject.IdentityServer.Application", "PetProject.IdentityServer.Application\PetProject.IdentityServer.Application.csproj", "{B8873F61-C5B7-444D-940C-3CC581DDE952}"
EndProject
Project("{9A19103F-16F7-4668-BE54-9A1E7A4F7556}") = "PetProject.IdentityServer.CrossCuttingConcerns", "PetProject.IdentityServer.CrossCuttingConcerns\PetProject.IdentityServer.CrossCuttingConcerns.csproj", "{E5BFAADD-1134-4743-BA77-FA63820A03B3}"
EndProject
Project("{9A19103F-16F7-4668-BE54-9A1E7A4F7556}") = "PetProject.IdentityServer.Persistence", "PetProject.IdentityServer.Persistence\PetProject.IdentityServer.Persistence.csproj", "{BD05BD23-52A6-43FC-B586-360F01FED784}"
EndProject
Project("{9A19103F-16F7-4668-BE54-9A1E7A4F7556}") = "PetProject.IdentityServer.Infrastructure", "PetProject.IdentityServer.Infrastructure\PetProject.IdentityServer.Infrastructure.csproj", "{06C649CC-2449-4B08-BB9B-ECCF72D3C8BE}"
EndProject
Project("{9A19103F-16F7-4668-BE54-9A1E7A4F7556}") = "PetProject.IdentityServer.Presentation", "PetProject.IdentityServer.Presentation\PetProject.IdentityServer.Presentation.csproj", "{E29A9AD2-B5A0-4D74-9CC6-484E50C50E4D}"
EndProject
Project("{FAE04EC0-301F-11D3-BF4B-00C04F79EFBC}") = "PetProject.IdentityServer.WorkerService", "PetProject.IdentityServer.WorkerService\PetProject.IdentityServer.WorkerService.csproj", "{EB615C06-2902-4A93-8B22-DC2A6D57DF2E}"
EndProject
Global
	GlobalSection(SolutionConfigurationPlatforms) = preSolution
		Debug|Any CPU = Debug|Any CPU
		Release|Any CPU = Release|Any CPU
	EndGlobalSection
	GlobalSection(ProjectConfigurationPlatforms) = postSolution
		{1CE9D909-B6DE-437B-BF40-907D7E9752C8}.Debug|Any CPU.ActiveCfg = Debug|Any CPU
		{1CE9D909-B6DE-437B-BF40-907D7E9752C8}.Debug|Any CPU.Build.0 = Debug|Any CPU
		{1CE9D909-B6DE-437B-BF40-907D7E9752C8}.Release|Any CPU.ActiveCfg = Release|Any CPU
		{1CE9D909-B6DE-437B-BF40-907D7E9752C8}.Release|Any CPU.Build.0 = Release|Any CPU
		{B8873F61-C5B7-444D-940C-3CC581DDE952}.Debug|Any CPU.ActiveCfg = Debug|Any CPU
		{B8873F61-C5B7-444D-940C-3CC581DDE952}.Debug|Any CPU.Build.0 = Debug|Any CPU
		{B8873F61-C5B7-444D-940C-3CC581DDE952}.Release|Any CPU.ActiveCfg = Release|Any CPU
		{B8873F61-C5B7-444D-940C-3CC581DDE952}.Release|Any CPU.Build.0 = Release|Any CPU
		{E5BFAADD-1134-4743-BA77-FA63820A03B3}.Debug|Any CPU.ActiveCfg = Debug|Any CPU
		{E5BFAADD-1134-4743-BA77-FA63820A03B3}.Debug|Any CPU.Build.0 = Debug|Any CPU
		{E5BFAADD-1134-4743-BA77-FA63820A03B3}.Release|Any CPU.ActiveCfg = Release|Any CPU
		{E5BFAADD-1134-4743-BA77-FA63820A03B3}.Release|Any CPU.Build.0 = Release|Any CPU
		{BD05BD23-52A6-43FC-B586-360F01FED784}.Debug|Any CPU.ActiveCfg = Debug|Any CPU
		{BD05BD23-52A6-43FC-B586-360F01FED784}.Debug|Any CPU.Build.0 = Debug|Any CPU
		{BD05BD23-52A6-43FC-B586-360F01FED784}.Release|Any CPU.ActiveCfg = Release|Any CPU
		{BD05BD23-52A6-43FC-B586-360F01FED784}.Release|Any CPU.Build.0 = Release|Any CPU
		{06C649CC-2449-4B08-BB9B-ECCF72D3C8BE}.Debug|Any CPU.ActiveCfg = Debug|Any CPU
		{06C649CC-2449-4B08-BB9B-ECCF72D3C8BE}.Debug|Any CPU.Build.0 = Debug|Any CPU
		{06C649CC-2449-4B08-BB9B-ECCF72D3C8BE}.Release|Any CPU.ActiveCfg = Release|Any CPU
		{06C649CC-2449-4B08-BB9B-ECCF72D3C8BE}.Release|Any CPU.Build.0 = Release|Any CPU
		{E29A9AD2-B5A0-4D74-9CC6-484E50C50E4D}.Debug|Any CPU.ActiveCfg = Debug|Any CPU
		{E29A9AD2-B5A0-4D74-9CC6-484E50C50E4D}.Debug|Any CPU.Build.0 = Debug|Any CPU
		{E29A9AD2-B5A0-4D74-9CC6-484E50C50E4D}.Release|Any CPU.ActiveCfg = Release|Any CPU
		{E29A9AD2-B5A0-4D74-9CC6-484E50C50E4D}.Release|Any CPU.Build.0 = Release|Any CPU
		{EB615C06-2902-4A93-8B22-DC2A6D57DF2E}.Debug|Any CPU.ActiveCfg = Debug|Any CPU
		{EB615C06-2902-4A93-8B22-DC2A6D57DF2E}.Debug|Any CPU.Build.0 = Debug|Any CPU
		{EB615C06-2902-4A93-8B22-DC2A6D57DF2E}.Release|Any CPU.ActiveCfg = Release|Any CPU
		{EB615C06-2902-4A93-8B22-DC2A6D57DF2E}.Release|Any CPU.Build.0 = Release|Any CPU
	EndGlobalSection
	GlobalSection(SolutionProperties) = preSolution
		HideSolutionNode = FALSE
	EndGlobalSection
	GlobalSection(ExtensibilityGlobals) = postSolution
		SolutionGuid = {A17E66DA-EA9F-4D5C-A9D1-4F1DCCAB8B48}
	EndGlobalSection
EndGlobal
