
Microsoft Visual Studio Solution File, Format Version 12.00
# Visual Studio Version 17
VisualStudioVersion = 17.7.33711.374
MinimumVisualStudioVersion = 10.0.40219.1
Project("{9A19103F-16F7-4668-BE54-9A1E7A4F7556}") = "PetProject.StoreManagement.Presentation", "PetProject.StoreManagement.Presentation\PetProject.StoreManagement.Presentation.csproj", "{67C902E3-6227-4F84-A4F0-4164264BF659}"
EndProject
Project("{9A19103F-16F7-4668-BE54-9A1E7A4F7556}") = "PetProject.StoreManagement.Domain", "PetProject.StoreManagement.Domain\PetProject.StoreManagement.Domain.csproj", "{BF20AC38-94BD-4D70-B0A8-6AEC7C067EE2}"
EndProject
Project("{9A19103F-16F7-4668-BE54-9A1E7A4F7556}") = "PetProject.StoreManagement.Infrastructure", "PetProject.StoreManagement.Infrastructure\PetProject.StoreManagement.Infrastructure.csproj", "{8D52058F-CAB0-474A-85ED-A45424B95D11}"
EndProject
Project("{9A19103F-16F7-4668-BE54-9A1E7A4F7556}") = "PetProject.StoreManagement.Persistence", "PetProject.StoreManagement.Persistence\PetProject.StoreManagement.Persistence.csproj", "{C1258797-094D-4E53-86DE-5BD1A394734B}"
EndProject
Project("{9A19103F-16F7-4668-BE54-9A1E7A4F7556}") = "PetProject.StoreManagement.Application", "PetProject.StoreManagement.Application\PetProject.StoreManagement.Application.csproj", "{4703B8C1-7425-4EBC-A3AF-0908EC7C1D2F}"
EndProject
Project("{9A19103F-16F7-4668-BE54-9A1E7A4F7556}") = "PetProject.StoreManagement.CrossCuttingConcerns", "PetProject.StoreManagement.CrossCuttingConcerns\PetProject.StoreManagement.CrossCuttingConcerns.csproj", "{B4989A9F-9F99-4EE9-8E7A-0B692A02178E}"
EndProject
Project("{FAE04EC0-301F-11D3-BF4B-00C04F79EFBC}") = "PetProject.StoreManagement.WorkerService", "PetProject.StoreManagement.WorkerService\PetProject.StoreManagement.WorkerService.csproj", "{644837BF-73B1-4AAE-9A89-44C368E8D1D2}"
EndProject
Global
	GlobalSection(SolutionConfigurationPlatforms) = preSolution
		Debug|Any CPU = Debug|Any CPU
		Release|Any CPU = Release|Any CPU
	EndGlobalSection
	GlobalSection(ProjectConfigurationPlatforms) = postSolution
		{67C902E3-6227-4F84-A4F0-4164264BF659}.Debug|Any CPU.ActiveCfg = Debug|Any CPU
		{67C902E3-6227-4F84-A4F0-4164264BF659}.Debug|Any CPU.Build.0 = Debug|Any CPU
		{67C902E3-6227-4F84-A4F0-4164264BF659}.Release|Any CPU.ActiveCfg = Release|Any CPU
		{67C902E3-6227-4F84-A4F0-4164264BF659}.Release|Any CPU.Build.0 = Release|Any CPU
		{BF20AC38-94BD-4D70-B0A8-6AEC7C067EE2}.Debug|Any CPU.ActiveCfg = Debug|Any CPU
		{BF20AC38-94BD-4D70-B0A8-6AEC7C067EE2}.Debug|Any CPU.Build.0 = Debug|Any CPU
		{BF20AC38-94BD-4D70-B0A8-6AEC7C067EE2}.Release|Any CPU.ActiveCfg = Release|Any CPU
		{BF20AC38-94BD-4D70-B0A8-6AEC7C067EE2}.Release|Any CPU.Build.0 = Release|Any CPU
		{8D52058F-CAB0-474A-85ED-A45424B95D11}.Debug|Any CPU.ActiveCfg = Debug|Any CPU
		{8D52058F-CAB0-474A-85ED-A45424B95D11}.Debug|Any CPU.Build.0 = Debug|Any CPU
		{8D52058F-CAB0-474A-85ED-A45424B95D11}.Release|Any CPU.ActiveCfg = Release|Any CPU
		{8D52058F-CAB0-474A-85ED-A45424B95D11}.Release|Any CPU.Build.0 = Release|Any CPU
		{C1258797-094D-4E53-86DE-5BD1A394734B}.Debug|Any CPU.ActiveCfg = Debug|Any CPU
		{C1258797-094D-4E53-86DE-5BD1A394734B}.Debug|Any CPU.Build.0 = Debug|Any CPU
		{C1258797-094D-4E53-86DE-5BD1A394734B}.Release|Any CPU.ActiveCfg = Release|Any CPU
		{C1258797-094D-4E53-86DE-5BD1A394734B}.Release|Any CPU.Build.0 = Release|Any CPU
		{4703B8C1-7425-4EBC-A3AF-0908EC7C1D2F}.Debug|Any CPU.ActiveCfg = Debug|Any CPU
		{4703B8C1-7425-4EBC-A3AF-0908EC7C1D2F}.Debug|Any CPU.Build.0 = Debug|Any CPU
		{4703B8C1-7425-4EBC-A3AF-0908EC7C1D2F}.Release|Any CPU.ActiveCfg = Release|Any CPU
		{4703B8C1-7425-4EBC-A3AF-0908EC7C1D2F}.Release|Any CPU.Build.0 = Release|Any CPU
		{B4989A9F-9F99-4EE9-8E7A-0B692A02178E}.Debug|Any CPU.ActiveCfg = Debug|Any CPU
		{B4989A9F-9F99-4EE9-8E7A-0B692A02178E}.Debug|Any CPU.Build.0 = Debug|Any CPU
		{B4989A9F-9F99-4EE9-8E7A-0B692A02178E}.Release|Any CPU.ActiveCfg = Release|Any CPU
		{B4989A9F-9F99-4EE9-8E7A-0B692A02178E}.Release|Any CPU.Build.0 = Release|Any CPU
		{644837BF-73B1-4AAE-9A89-44C368E8D1D2}.Debug|Any CPU.ActiveCfg = Debug|Any CPU
		{644837BF-73B1-4AAE-9A89-44C368E8D1D2}.Debug|Any CPU.Build.0 = Debug|Any CPU
		{644837BF-73B1-4AAE-9A89-44C368E8D1D2}.Release|Any CPU.ActiveCfg = Release|Any CPU
		{644837BF-73B1-4AAE-9A89-44C368E8D1D2}.Release|Any CPU.Build.0 = Release|Any CPU
	EndGlobalSection
	GlobalSection(SolutionProperties) = preSolution
		HideSolutionNode = FALSE
	EndGlobalSection
	GlobalSection(ExtensibilityGlobals) = postSolution
		SolutionGuid = {9B53AE43-454D-438C-8465-19E899CAD42C}
	EndGlobalSection
EndGlobal
